// !$*UTF8*$!
{
	archiveVersion = 1;
	classes = {
	};
	objectVersion = 46;
	objects = {

/* Begin PBXBuildFile section */
		735D24DE1DD995C30020541D /* main.m in Sources */ = {isa = PBXBuildFile; fileRef = 735D24DD1DD995C30020541D /* main.m */; };
		735D24E11DD995C30020541D /* AppDelegate.m in Sources */ = {isa = PBXBuildFile; fileRef = 735D24E01DD995C30020541D /* AppDelegate.m */; };
		735D24E41DD995C30020541D /* ViewController.m in Sources */ = {isa = PBXBuildFile; fileRef = 735D24E31DD995C30020541D /* ViewController.m */; };
		735D24E71DD995C30020541D /* Main.storyboard in Resources */ = {isa = PBXBuildFile; fileRef = 735D24E51DD995C30020541D /* Main.storyboard */; };
		735D24E91DD995C30020541D /* Assets.xcassets in Resources */ = {isa = PBXBuildFile; fileRef = 735D24E81DD995C30020541D /* Assets.xcassets */; };
		735D24EC1DD995C30020541D /* LaunchScreen.storyboard in Resources */ = {isa = PBXBuildFile; fileRef = 735D24EA1DD995C30020541D /* LaunchScreen.storyboard */; };
/* End PBXBuildFile section */

/* Begin PBXFileReference section */
		735D24D91DD995C30020541D /* OC-视频压缩.app */ = {isa = PBXFileReference; explicitFileType = wrapper.application; includeInIndex = 0; path = "OC-视频压缩.app"; sourceTree = BUILT_PRODUCTS_DIR; };
		735D24DD1DD995C30020541D /* main.m */ = {isa = PBXFileReference; lastKnownFileType = sourcecode.c.objc; path = main.m; sourceTree = "<group>"; };
		735D24DF1DD995C30020541D /* AppDelegate.h */ = {isa = PBXFileReference; lastKnownFileType = sourcecode.c.h; path = AppDelegate.h; sourceTree = "<group>"; };
		735D24E01DD995C30020541D /* AppDelegate.m */ = {isa = PBXFileReference; lastKnownFileType = sourcecode.c.objc; path = AppDelegate.m; sourceTree = "<group>"; };
		735D24E21DD995C30020541D /* ViewController.h */ = {isa = PBXFileReference; lastKnownFileType = sourcecode.c.h; path = ViewController.h; sourceTree = "<group>"; };
		735D24E31DD995C30020541D /* ViewController.m */ = {isa = PBXFileReference; lastKnownFileType = sourcecode.c.objc; path = ViewController.m; sourceTree = "<group>"; };
		735D24E61DD995C30020541D /* Base */ = {isa = PBXFileReference; lastKnownFileType = file.storyboard; name = Base; path = Base.lproj/Main.storyboard; sourceTree = "<group>"; };
		735D24E81DD995C30020541D /* Assets.xcassets */ = {isa = PBXFileReference; lastKnownFileType = folder.assetcatalog; path = Assets.xcassets; sourceTree = "<group>"; };
		735D24EB1DD995C30020541D /* Base */ = {isa = PBXFileReference; lastKnownFileType = file.storyboard; name = Base; path = Base.lproj/LaunchScreen.storyboard; sourceTree = "<group>"; };
		735D24ED1DD995C30020541D /* Info.plist */ = {isa = PBXFileReference; lastKnownFileType = text.plist.xml; path = Info.plist; sourceTree = "<group>"; };
/* End PBXFileReference section */

/* Begin PBXFrameworksBuildPhase section */
		735D24D61DD995C30020541D /* Frameworks */ = {
			isa = PBXFrameworksBuildPhase;
			buildActionMask = 2147483647;
			files = (
			);
			runOnlyForDeploymentPostprocessing = 0;
		};
/* End PBXFrameworksBuildPhase section */

/* Begin PBXGroup section */
		735D24D01DD995C30020541D = {
			isa = PBXGroup;
			children = (
				735D24DB1DD995C30020541D /* OC-视频压缩 */,
				735D24DA1DD995C30020541D /* Products */,
			);
			sourceTree = "<group>";
		};
		735D24DA1DD995C30020541D /* Products */ = {
			isa = PBXGroup;
			children = (
				735D24D91DD995C30020541D /* OC-视频压缩.app */,
			);
			name = Products;
			sourceTree = "<group>";
		};
		735D24DB1DD995C30020541D /* OC-视频压缩 */ = {
			isa = PBXGroup;
			children = (
				735D24DF1DD995C30020541D /* AppDelegate.h */,
				735D24E01DD995C30020541D /* AppDelegate.m */,
				735D24E21DD995C30020541D /* ViewController.h */,
				735D24E31DD995C30020541D /* ViewController.m */,
				735D24E51DD995C30020541D /* Main.storyboard */,
				735D24E81DD995C30020541D /* Assets.xcassets */,
				735D24EA1DD995C30020541D /* LaunchScreen.storyboard */,
				735D24ED1DD995C30020541D /* Info.plist */,
				735D24DC1DD995C30020541D /* Supporting Files */,
			);
			path = "OC-视频压缩";
			sourceTree = "<group>";
		};
		735D24DC1DD995C30020541D /* Supporting Files */ = {
			isa = PBXGroup;
			children = (
				735D24DD1DD995C30020541D /* main.m */,
			);
			name = "Supporting Files";
			sourceTree = "<group>";
		};
/* End PBXGroup section */

/* Begin PBXNativeTarget section */
		735D24D81DD995C30020541D /* OC-视频压缩 */ = {
			isa = PBXNativeTarget;
			buildConfigurationList = 735D24F01DD995C30020541D /* Build configuration list for PBXNativeTarget "OC-视频压缩" */;
			buildPhases = (
				735D24D51DD995C30020541D /* Sources */,
				735D24D61DD995C30020541D /* Frameworks */,
				735D24D71DD995C30020541D /* Resources */,
			);
			buildRules = (
			);
			dependencies = (
			);
			name = "OC-视频压缩";
			productName = "OC-视频压缩";
			productReference = 735D24D91DD995C30020541D /* OC-视频压缩.app */;
			productType = "com.apple.product-type.application";
		};
/* End PBXNativeTarget section */

/* Begin PBXProject section */
		735D24D11DD995C30020541D /* Project object */ = {
			isa = PBXProject;
			attributes = {
				LastUpgradeCheck = 0810;
				ORGANIZATIONNAME = "蓝田";
				TargetAttributes = {
					735D24D81DD995C30020541D = {
						CreatedOnToolsVersion = 8.1;
						DevelopmentTeam = WW7QRAPE95;
						ProvisioningStyle = Automatic;
					};
				};
			};
			buildConfigurationList = 735D24D41DD995C30020541D /* Build configuration list for PBXProject "OC-视频压缩" */;
			compatibilityVersion = "Xcode 3.2";
			developmentRegion = English;
			hasScannedForEncodings = 0;
			knownRegions = (
				en,
				Base,
			);
			mainGroup = 735D24D01DD995C30020541D;
			productRefGroup = 735D24DA1DD995C30020541D /* Products */;
			projectDirPath = "";
			projectRoot = "";
			targets = (
				735D24D81DD995C30020541D /* OC-视频压缩 */,
			);
		};
/* End PBXProject section */

/* Begin PBXResourcesBuildPhase section */
		735D24D71DD995C30020541D /* Resources */ = {
			isa = PBXResourcesBuildPhase;
			buildActionMask = 2147483647;
			files = (
				735D24EC1DD995C30020541D /* LaunchScreen.storyboard in Resources */,
				735D24E91DD995C30020541D /* Assets.xcassets in Resources */,
				735D24E71DD995C30020541D /* Main.storyboard in Resources */,
			);
			runOnlyForDeploymentPostprocessing = 0;
		};
/* End PBXResourcesBuildPhase section */

/* Begin PBXSourcesBuildPhase section */
		735D24D51DD995C30020541D /* Sources */ = {
			isa = PBXSourcesBuildPhase;
			buildActionMask = 2147483647;
			files = (
				735D24E41DD995C30020541D /* ViewController.m in Sources */,
				735D24E11DD995C30020541D /* AppDelegate.m in Sources */,
				735D24DE1DD995C30020541D /* main.m in Sources */,
			);
			runOnlyForDeploymentPostprocessing = 0;
		};
/* End PBXSourcesBuildPhase section */

/* Begin PBXVariantGroup section */
		735D24E51DD995C30020541D /* Main.storyboard */ = {
			isa = PBXVariantGroup;
			children = (
				735D24E61DD995C30020541D /* Base */,
			);
			name = Main.storyboard;
			sourceTree = "<group>";
		};
		735D24EA1DD995C30020541D /* LaunchScreen.storyboard */ = {
			isa = PBXVariantGroup;
			children = (
				735D24EB1DD995C30020541D /* Base */,
			);
			name = LaunchScreen.storyboard;
			sourceTree = "<group>";
		};
/* End PBXVariantGroup section */

/* Begin XCBuildConfiguration section */
		735D24EE1DD995C30020541D /* Debug */ = {
			isa = XCBuildConfiguration;
			buildSettings = {
				ALWAYS_SEARCH_USER_PATHS = NO;
				CLANG_ANALYZER_NONNULL = YES;
				CLANG_CXX_LANGUAGE_STANDARD = "gnu++0x";
				CLANG_CXX_LIBRARY = "libc++";
				CLANG_ENABLE_MODULES = YES;
				CLANG_ENABLE_OBJC_ARC = YES;
				CLANG_WARN_BOOL_CONVERSION = YES;
				CLANG_WARN_CONSTANT_CONVERSION = YES;
				CLANG_WARN_DIRECT_OBJC_ISA_USAGE = YES_ERROR;
				CLANG_WARN_DOCUMENTATION_COMMENTS = YES;
				CLANG_WARN_EMPTY_BODY = YES;
				CLANG_WARN_ENUM_CONVERSION = YES;
				CLANG_WARN_INFINITE_RECURSION = YES;
				CLANG_WARN_INT_CONVERSION = YES;
				CLANG_WARN_OBJC_ROOT_CLASS = YES_ERROR;
				CLANG_WARN_SUSPICIOUS_MOVES = YES;
				CLANG_WARN_UNREACHABLE_CODE = YES;
				CLANG_WARN__DUPLICATE_METHOD_MATCH = YES;
				"CODE_SIGN_IDENTITY[sdk=iphoneos*]" = "iPhone Developer";
				COPY_PHASE_STRIP = NO;
				DEBUG_INFORMATION_FORMAT = dwarf;
				ENABLE_STRICT_OBJC_MSGSEND = YES;
				ENABLE_TESTABILITY = YES;
				GCC_C_LANGUAGE_STANDARD = gnu99;
				GCC_DYNAMIC_NO_PIC = NO;
				GCC_NO_COMMON_BLOCKS = YES;
				GCC_OPTIMIZATION_LEVEL = 0;
				GCC_PREPROCESSOR_DEFINITIONS = (
					"DEBUG=1",
					"$(inherited)",
				);
				GCC_WARN_64_TO_32_BIT_CONVERSION = YES;
				GCC_WARN_ABOUT_RETURN_TYPE = YES_ERROR;
				GCC_WARN_UNDECLARED_SELECTOR = YES;
				GCC_WARN_UNINITIALIZED_AUTOS = YES_AGGRESSIVE;
				GCC_WARN_UNUSED_FUNCTION = YES;
				GCC_WARN_UNUSED_VARIABLE = YES;
				IPHONEOS_DEPLOYMENT_TARGET = 10.1;
				MTL_ENABLE_DEBUG_INFO = YES;
				ONLY_ACTIVE_ARCH = YES;
				SDKROOT = iphoneos;
				TARGETED_DEVICE_FAMILY = "1,2";
			};
			name = Debug;
		};
		735D24EF1DD995C30020541D /* Release */ = {
			isa = XCBuildConfiguration;
			buildSettings = {
				ALWAYS_SEARCH_USER_PATHS = NO;
				CLANG_ANALYZER_NONNULL = YES;
				CLANG_CXX_LANGUAGE_STANDARD = "gnu++0x";
				CLANG_CXX_LIBRARY = "libc++";
				CLANG_ENABLE_MODULES = YES;
				CLANG_ENABLE_OBJC_ARC = YES;
				CLANG_WARN_BOOL_CONVERSION = YES;
				CLANG_WARN_CONSTANT_CONVERSION = YES;
				CLANG_WARN_DIRECT_OBJC_ISA_USAGE = YES_ERROR;
				CLANG_WARN_DOCUMENTATION_COMMENTS = YES;
				CLANG_WARN_EMPTY_BODY = YES;
				CLANG_WARN_ENUM_CONVERSION = YES;
				CLANG_WARN_INFINITE_RECURSION = YES;
				CLANG_WARN_INT_CONVERSION = YES;
				CLANG_WARN_OBJC_ROOT_CLASS = YES_ERROR;
				CLANG_WARN_SUSPICIOUS_MOVES = YES;
				CLANG_WARN_UNREACHABLE_CODE = YES;
				CLANG_WARN__DUPLICATE_METHOD_MATCH = YES;
				"CODE_SIGN_IDENTITY[sdk=iphoneos*]" = "iPhone Developer";
				COPY_PHASE_STRIP = NO;
				DEBUG_INFORMATION_FORMAT = "dwarf-with-dsym";
				ENABLE_NS_ASSERTIONS = NO;
				ENABLE_STRICT_OBJC_MSGSEND = YES;
				GCC_C_LANGUAGE_STANDARD = gnu99;
				GCC_NO_COMMON_BLOCKS = YES;
				GCC_WARN_64_TO_32_BIT_CONVERSION = YES;
				GCC_WARN_ABOUT_RETURN_TYPE = YES_ERROR;
				GCC_WARN_UNDECLARED_SELECTOR = YES;
				GCC_WARN_UNINITIALIZED_AUTOS = YES_AGGRESSIVE;
				GCC_WARN_UNUSED_FUNCTION = YES;
				GCC_WARN_UNUSED_VARIABLE = YES;
				IPHONEOS_DEPLOYMENT_TARGET = 10.1;
				MTL_ENABLE_DEBUG_INFO = NO;
				SDKROOT = iphoneos;
				TARGETED_DEVICE_FAMILY = "1,2";
				VALIDATE_PRODUCT = YES;
			};
			name = Release;
		};
		735D24F11DD995C30020541D /* Debug */ = {
			isa = XCBuildConfiguration;
			buildSettings = {
				ASSETCATALOG_COMPILER_APPICON_NAME = AppIcon;
				DEVELOPMENT_TEAM = WW7QRAPE95;
				INFOPLIST_FILE = "OC-视频压缩/Info.plist";
				LD_RUNPATH_SEARCH_PATHS = "$(inherited) @executable_path/Frameworks";
				PRODUCT_BUNDLE_IDENTIFIER = "Loto.com.OC-----";
				PRODUCT_NAME = "$(TARGET_NAME)";
			};
			name = Debug;
		};
		735D24F21DD995C30020541D /* Release */ = {
			isa = XCBuildConfiguration;
			buildSettings = {
				ASSETCATALOG_COMPILER_APPICON_NAME = AppIcon;
				DEVELOPMENT_TEAM = WW7QRAPE95;
				INFOPLIST_FILE = "OC-视频压缩/Info.plist";
				LD_RUNPATH_SEARCH_PATHS = "$(inherited) @executable_path/Frameworks";
				PRODUCT_BUNDLE_IDENTIFIER = "Loto.com.OC-----";
				PRODUCT_NAME = "$(TARGET_NAME)";
			};
			name = Release;
		};
/* End XCBuildConfiguration section */

/* Begin XCConfigurationList section */
		735D24D41DD995C30020541D /* Build configuration list for PBXProject "OC-视频压缩" */ = {
			isa = XCConfigurationList;
			buildConfigurations = (
				735D24EE1DD995C30020541D /* Debug */,
				735D24EF1DD995C30020541D /* Release */,
			);
			defaultConfigurationIsVisible = 0;
			defaultConfigurationName = Release;
		};
		735D24F01DD995C30020541D /* Build configuration list for PBXNativeTarget "OC-视频压缩" */ = {
			isa = XCConfigurationList;
			buildConfigurations = (
				735D24F11DD995C30020541D /* Debug */,
				735D24F21DD995C30020541D /* Release */,
			);
			defaultConfigurationIsVisible = 0;
			defaultConfigurationName = Release;
		};
/* End XCConfigurationList section */
	};
	rootObject = 735D24D11DD995C30020541D /* Project object */;
}
