// !$*UTF8*$!
{
	archiveVersion = 1;
	classes = {
	};
	objectVersion = 46;
	objects = {

/* Begin PBXBuildFile section */
		73CE4B6B1D440A9F005917ED /* main.m in Sources */ = {isa = PBXBuildFile; fileRef = 73CE4B6A1D440A9F005917ED /* main.m */; };
		73CE4B6E1D440A9F005917ED /* AppDelegate.m in Sources */ = {isa = PBXBuildFile; fileRef = 73CE4B6D1D440A9F005917ED /* AppDelegate.m */; };
		73CE4B711D440A9F005917ED /* ViewController.m in Sources */ = {isa = PBXBuildFile; fileRef = 73CE4B701D440A9F005917ED /* ViewController.m */; };
		73CE4B741D440A9F005917ED /* Main.storyboard in Resources */ = {isa = PBXBuildFile; fileRef = 73CE4B721D440A9F005917ED /* Main.storyboard */; };
		73CE4B761D440A9F005917ED /* Assets.xcassets in Resources */ = {isa = PBXBuildFile; fileRef = 73CE4B751D440A9F005917ED /* Assets.xcassets */; };
		73CE4B791D440A9F005917ED /* LaunchScreen.storyboard in Resources */ = {isa = PBXBuildFile; fileRef = 73CE4B771D440A9F005917ED /* LaunchScreen.storyboard */; };
		73CE4B821D440B45005917ED /* DrawView.m in Sources */ = {isa = PBXBuildFile; fileRef = 73CE4B811D440B45005917ED /* DrawView.m */; };
/* End PBXBuildFile section */

/* Begin PBXFileReference section */
		73CE4B661D440A9F005917ED /* 粒子效果.app */ = {isa = PBXFileReference; explicitFileType = wrapper.application; includeInIndex = 0; path = "粒子效果.app"; sourceTree = BUILT_PRODUCTS_DIR; };
		73CE4B6A1D440A9F005917ED /* main.m */ = {isa = PBXFileReference; lastKnownFileType = sourcecode.c.objc; path = main.m; sourceTree = "<group>"; };
		73CE4B6C1D440A9F005917ED /* AppDelegate.h */ = {isa = PBXFileReference; lastKnownFileType = sourcecode.c.h; path = AppDelegate.h; sourceTree = "<group>"; };
		73CE4B6D1D440A9F005917ED /* AppDelegate.m */ = {isa = PBXFileReference; lastKnownFileType = sourcecode.c.objc; path = AppDelegate.m; sourceTree = "<group>"; };
		73CE4B6F1D440A9F005917ED /* ViewController.h */ = {isa = PBXFileReference; lastKnownFileType = sourcecode.c.h; path = ViewController.h; sourceTree = "<group>"; };
		73CE4B701D440A9F005917ED /* ViewController.m */ = {isa = PBXFileReference; lastKnownFileType = sourcecode.c.objc; path = ViewController.m; sourceTree = "<group>"; };
		73CE4B731D440A9F005917ED /* Base */ = {isa = PBXFileReference; lastKnownFileType = file.storyboard; name = Base; path = Base.lproj/Main.storyboard; sourceTree = "<group>"; };
		73CE4B751D440A9F005917ED /* Assets.xcassets */ = {isa = PBXFileReference; lastKnownFileType = folder.assetcatalog; path = Assets.xcassets; sourceTree = "<group>"; };
		73CE4B781D440A9F005917ED /* Base */ = {isa = PBXFileReference; lastKnownFileType = file.storyboard; name = Base; path = Base.lproj/LaunchScreen.storyboard; sourceTree = "<group>"; };
		73CE4B7A1D440A9F005917ED /* Info.plist */ = {isa = PBXFileReference; lastKnownFileType = text.plist.xml; path = Info.plist; sourceTree = "<group>"; };
		73CE4B801D440B45005917ED /* DrawView.h */ = {isa = PBXFileReference; fileEncoding = 4; lastKnownFileType = sourcecode.c.h; path = DrawView.h; sourceTree = "<group>"; };
		73CE4B811D440B45005917ED /* DrawView.m */ = {isa = PBXFileReference; fileEncoding = 4; lastKnownFileType = sourcecode.c.objc; path = DrawView.m; sourceTree = "<group>"; };
/* End PBXFileReference section */

/* Begin PBXFrameworksBuildPhase section */
		73CE4B631D440A9F005917ED /* Frameworks */ = {
			isa = PBXFrameworksBuildPhase;
			buildActionMask = 2147483647;
			files = (
			);
			runOnlyForDeploymentPostprocessing = 0;
		};
/* End PBXFrameworksBuildPhase section */

/* Begin PBXGroup section */
		73CE4B5D1D440A9F005917ED = {
			isa = PBXGroup;
			children = (
				73CE4B681D440A9F005917ED /* 粒子效果 */,
				73CE4B671D440A9F005917ED /* Products */,
			);
			sourceTree = "<group>";
		};
		73CE4B671D440A9F005917ED /* Products */ = {
			isa = PBXGroup;
			children = (
				73CE4B661D440A9F005917ED /* 粒子效果.app */,
			);
			name = Products;
			sourceTree = "<group>";
		};
		73CE4B681D440A9F005917ED /* 粒子效果 */ = {
			isa = PBXGroup;
			children = (
				73CE4B6C1D440A9F005917ED /* AppDelegate.h */,
				73CE4B6D1D440A9F005917ED /* AppDelegate.m */,
				73CE4B6F1D440A9F005917ED /* ViewController.h */,
				73CE4B701D440A9F005917ED /* ViewController.m */,
				73CE4B801D440B45005917ED /* DrawView.h */,
				73CE4B811D440B45005917ED /* DrawView.m */,
				73CE4B721D440A9F005917ED /* Main.storyboard */,
				73CE4B751D440A9F005917ED /* Assets.xcassets */,
				73CE4B771D440A9F005917ED /* LaunchScreen.storyboard */,
				73CE4B7A1D440A9F005917ED /* Info.plist */,
				73CE4B691D440A9F005917ED /* Supporting Files */,
			);
			path = "粒子效果";
			sourceTree = "<group>";
		};
		73CE4B691D440A9F005917ED /* Supporting Files */ = {
			isa = PBXGroup;
			children = (
				73CE4B6A1D440A9F005917ED /* main.m */,
			);
			name = "Supporting Files";
			sourceTree = "<group>";
		};
/* End PBXGroup section */

/* Begin PBXNativeTarget section */
		73CE4B651D440A9F005917ED /* 粒子效果 */ = {
			isa = PBXNativeTarget;
			buildConfigurationList = 73CE4B7D1D440A9F005917ED /* Build configuration list for PBXNativeTarget "粒子效果" */;
			buildPhases = (
				73CE4B621D440A9F005917ED /* Sources */,
				73CE4B631D440A9F005917ED /* Frameworks */,
				73CE4B641D440A9F005917ED /* Resources */,
			);
			buildRules = (
			);
			dependencies = (
			);
			name = "粒子效果";
			productName = "粒子效果";
			productReference = 73CE4B661D440A9F005917ED /* 粒子效果.app */;
			productType = "com.apple.product-type.application";
		};
/* End PBXNativeTarget section */

/* Begin PBXProject section */
		73CE4B5E1D440A9F005917ED /* Project object */ = {
			isa = PBXProject;
			attributes = {
				LastUpgradeCheck = 0730;
				ORGANIZATIONNAME = Loto;
				TargetAttributes = {
					73CE4B651D440A9F005917ED = {
						CreatedOnToolsVersion = 7.3.1;
						DevelopmentTeam = WW7QRAPE95;
					};
				};
			};
			buildConfigurationList = 73CE4B611D440A9F005917ED /* Build configuration list for PBXProject "粒子效果" */;
			compatibilityVersion = "Xcode 3.2";
			developmentRegion = English;
			hasScannedForEncodings = 0;
			knownRegions = (
				en,
				Base,
			);
			mainGroup = 73CE4B5D1D440A9F005917ED;
			productRefGroup = 73CE4B671D440A9F005917ED /* Products */;
			projectDirPath = "";
			projectRoot = "";
			targets = (
				73CE4B651D440A9F005917ED /* 粒子效果 */,
			);
		};
/* End PBXProject section */

/* Begin PBXResourcesBuildPhase section */
		73CE4B641D440A9F005917ED /* Resources */ = {
			isa = PBXResourcesBuildPhase;
			buildActionMask = 2147483647;
			files = (
				73CE4B791D440A9F005917ED /* LaunchScreen.storyboard in Resources */,
				73CE4B761D440A9F005917ED /* Assets.xcassets in Resources */,
				73CE4B741D440A9F005917ED /* Main.storyboard in Resources */,
			);
			runOnlyForDeploymentPostprocessing = 0;
		};
/* End PBXResourcesBuildPhase section */

/* Begin PBXSourcesBuildPhase section */
		73CE4B621D440A9F005917ED /* Sources */ = {
			isa = PBXSourcesBuildPhase;
			buildActionMask = 2147483647;
			files = (
				73CE4B711D440A9F005917ED /* ViewController.m in Sources */,
				73CE4B6E1D440A9F005917ED /* AppDelegate.m in Sources */,
				73CE4B821D440B45005917ED /* DrawView.m in Sources */,
				73CE4B6B1D440A9F005917ED /* main.m in Sources */,
			);
			runOnlyForDeploymentPostprocessing = 0;
		};
/* End PBXSourcesBuildPhase section */

/* Begin PBXVariantGroup section */
		73CE4B721D440A9F005917ED /* Main.storyboard */ = {
			isa = PBXVariantGroup;
			children = (
				73CE4B731D440A9F005917ED /* Base */,
			);
			name = Main.storyboard;
			sourceTree = "<group>";
		};
		73CE4B771D440A9F005917ED /* LaunchScreen.storyboard */ = {
			isa = PBXVariantGroup;
			children = (
				73CE4B781D440A9F005917ED /* Base */,
			);
			name = LaunchScreen.storyboard;
			sourceTree = "<group>";
		};
/* End PBXVariantGroup section */

/* Begin XCBuildConfiguration section */
		73CE4B7B1D440A9F005917ED /* Debug */ = {
			isa = XCBuildConfiguration;
			buildSettings = {
				ALWAYS_SEARCH_USER_PATHS = NO;
				CLANG_ANALYZER_NONNULL = YES;
				CLANG_CXX_LANGUAGE_STANDARD = "gnu++0x";
				CLANG_CXX_LIBRARY = "libc++";
				CLANG_ENABLE_MODULES = YES;
				CLANG_ENABLE_OBJC_ARC = YES;
				CLANG_WARN_BOOL_CONVERSION = YES;
				CLANG_WARN_CONSTANT_CONVERSION = YES;
				CLANG_WARN_DIRECT_OBJC_ISA_USAGE = YES_ERROR;
				CLANG_WARN_EMPTY_BODY = YES;
				CLANG_WARN_ENUM_CONVERSION = YES;
				CLANG_WARN_INT_CONVERSION = YES;
				CLANG_WARN_OBJC_ROOT_CLASS = YES_ERROR;
				CLANG_WARN_UNREACHABLE_CODE = YES;
				CLANG_WARN__DUPLICATE_METHOD_MATCH = YES;
				"CODE_SIGN_IDENTITY[sdk=iphoneos*]" = "iPhone Developer";
				COPY_PHASE_STRIP = NO;
				DEBUG_INFORMATION_FORMAT = dwarf;
				ENABLE_STRICT_OBJC_MSGSEND = YES;
				ENABLE_TESTABILITY = YES;
				GCC_C_LANGUAGE_STANDARD = gnu99;
				GCC_DYNAMIC_NO_PIC = NO;
				GCC_NO_COMMON_BLOCKS = YES;
				GCC_OPTIMIZATION_LEVEL = 0;
				GCC_PREPROCESSOR_DEFINITIONS = (
					"DEBUG=1",
					"$(inherited)",
				);
				GCC_WARN_64_TO_32_BIT_CONVERSION = YES;
				GCC_WARN_ABOUT_RETURN_TYPE = YES_ERROR;
				GCC_WARN_UNDECLARED_SELECTOR = YES;
				GCC_WARN_UNINITIALIZED_AUTOS = YES_AGGRESSIVE;
				GCC_WARN_UNUSED_FUNCTION = YES;
				GCC_WARN_UNUSED_VARIABLE = YES;
				IPHONEOS_DEPLOYMENT_TARGET = 9.3;
				MTL_ENABLE_DEBUG_INFO = YES;
				ONLY_ACTIVE_ARCH = YES;
				SDKROOT = iphoneos;
			};
			name = Debug;
		};
		73CE4B7C1D440A9F005917ED /* Release */ = {
			isa = XCBuildConfiguration;
			buildSettings = {
				ALWAYS_SEARCH_USER_PATHS = NO;
				CLANG_ANALYZER_NONNULL = YES;
				CLANG_CXX_LANGUAGE_STANDARD = "gnu++0x";
				CLANG_CXX_LIBRARY = "libc++";
				CLANG_ENABLE_MODULES = YES;
				CLANG_ENABLE_OBJC_ARC = YES;
				CLANG_WARN_BOOL_CONVERSION = YES;
				CLANG_WARN_CONSTANT_CONVERSION = YES;
				CLANG_WARN_DIRECT_OBJC_ISA_USAGE = YES_ERROR;
				CLANG_WARN_EMPTY_BODY = YES;
				CLANG_WARN_ENUM_CONVERSION = YES;
				CLANG_WARN_INT_CONVERSION = YES;
				CLANG_WARN_OBJC_ROOT_CLASS = YES_ERROR;
				CLANG_WARN_UNREACHABLE_CODE = YES;
				CLANG_WARN__DUPLICATE_METHOD_MATCH = YES;
				"CODE_SIGN_IDENTITY[sdk=iphoneos*]" = "iPhone Developer";
				COPY_PHASE_STRIP = NO;
				DEBUG_INFORMATION_FORMAT = "dwarf-with-dsym";
				ENABLE_NS_ASSERTIONS = NO;
				ENABLE_STRICT_OBJC_MSGSEND = YES;
				GCC_C_LANGUAGE_STANDARD = gnu99;
				GCC_NO_COMMON_BLOCKS = YES;
				GCC_WARN_64_TO_32_BIT_CONVERSION = YES;
				GCC_WARN_ABOUT_RETURN_TYPE = YES_ERROR;
				GCC_WARN_UNDECLARED_SELECTOR = YES;
				GCC_WARN_UNINITIALIZED_AUTOS = YES_AGGRESSIVE;
				GCC_WARN_UNUSED_FUNCTION = YES;
				GCC_WARN_UNUSED_VARIABLE = YES;
				IPHONEOS_DEPLOYMENT_TARGET = 9.3;
				MTL_ENABLE_DEBUG_INFO = NO;
				SDKROOT = iphoneos;
				VALIDATE_PRODUCT = YES;
			};
			name = Release;
		};
		73CE4B7E1D440A9F005917ED /* Debug */ = {
			isa = XCBuildConfiguration;
			buildSettings = {
				ASSETCATALOG_COMPILER_APPICON_NAME = AppIcon;
				INFOPLIST_FILE = "粒子效果/Info.plist";
				LD_RUNPATH_SEARCH_PATHS = "$(inherited) @executable_path/Frameworks";
				PRODUCT_BUNDLE_IDENTIFIER = "TD.----";
				PRODUCT_NAME = "$(TARGET_NAME)";
			};
			name = Debug;
		};
		73CE4B7F1D440A9F005917ED /* Release */ = {
			isa = XCBuildConfiguration;
			buildSettings = {
				ASSETCATALOG_COMPILER_APPICON_NAME = AppIcon;
				INFOPLIST_FILE = "粒子效果/Info.plist";
				LD_RUNPATH_SEARCH_PATHS = "$(inherited) @executable_path/Frameworks";
				PRODUCT_BUNDLE_IDENTIFIER = "TD.----";
				PRODUCT_NAME = "$(TARGET_NAME)";
			};
			name = Release;
		};
/* End XCBuildConfiguration section */

/* Begin XCConfigurationList section */
		73CE4B611D440A9F005917ED /* Build configuration list for PBXProject "粒子效果" */ = {
			isa = XCConfigurationList;
			buildConfigurations = (
				73CE4B7B1D440A9F005917ED /* Debug */,
				73CE4B7C1D440A9F005917ED /* Release */,
			);
			defaultConfigurationIsVisible = 0;
			defaultConfigurationName = Release;
		};
		73CE4B7D1D440A9F005917ED /* Build configuration list for PBXNativeTarget "粒子效果" */ = {
			isa = XCConfigurationList;
			buildConfigurations = (
				73CE4B7E1D440A9F005917ED /* Debug */,
				73CE4B7F1D440A9F005917ED /* Release */,
			);
			defaultConfigurationIsVisible = 0;
		};
/* End XCConfigurationList section */
	};
	rootObject = 73CE4B5E1D440A9F005917ED /* Project object */;
}
