// !$*UTF8*$!
{
	archiveVersion = 1;
	classes = {
	};
	objectVersion = 46;
	objects = {

/* Begin PBXBuildFile section */
		7343572E1DD32F99004789EC /* AppDelegate.swift in Sources */ = {isa = PBXBuildFile; fileRef = 7343572D1DD32F99004789EC /* AppDelegate.swift */; };
		734357301DD32F99004789EC /* ViewController.swift in Sources */ = {isa = PBXBuildFile; fileRef = 7343572F1DD32F99004789EC /* ViewController.swift */; };
		734357331DD32F99004789EC /* Main.storyboard in Resources */ = {isa = PBXBuildFile; fileRef = 734357311DD32F99004789EC /* Main.storyboard */; };
		734357351DD32F99004789EC /* Assets.xcassets in Resources */ = {isa = PBXBuildFile; fileRef = 734357341DD32F99004789EC /* Assets.xcassets */; };
		734357381DD32F99004789EC /* LaunchScreen.storyboard in Resources */ = {isa = PBXBuildFile; fileRef = 734357361DD32F99004789EC /* LaunchScreen.storyboard */; };
		734357401DD32FA4004789EC /* 1.mp4 in Resources */ = {isa = PBXBuildFile; fileRef = 7343573F1DD32FA4004789EC /* 1.mp4 */; };
/* End PBXBuildFile section */

/* Begin PBXFileReference section */
		7343572A1DD32F99004789EC /* Swift-MPMoviePlayerViewController播放视频.app */ = {isa = PBXFileReference; explicitFileType = wrapper.application; includeInIndex = 0; path = "Swift-MPMoviePlayerViewController播放视频.app"; sourceTree = BUILT_PRODUCTS_DIR; };
		7343572D1DD32F99004789EC /* AppDelegate.swift */ = {isa = PBXFileReference; lastKnownFileType = sourcecode.swift; path = AppDelegate.swift; sourceTree = "<group>"; };
		7343572F1DD32F99004789EC /* ViewController.swift */ = {isa = PBXFileReference; lastKnownFileType = sourcecode.swift; path = ViewController.swift; sourceTree = "<group>"; };
		734357321DD32F99004789EC /* Base */ = {isa = PBXFileReference; lastKnownFileType = file.storyboard; name = Base; path = Base.lproj/Main.storyboard; sourceTree = "<group>"; };
		734357341DD32F99004789EC /* Assets.xcassets */ = {isa = PBXFileReference; lastKnownFileType = folder.assetcatalog; path = Assets.xcassets; sourceTree = "<group>"; };
		734357371DD32F99004789EC /* Base */ = {isa = PBXFileReference; lastKnownFileType = file.storyboard; name = Base; path = Base.lproj/LaunchScreen.storyboard; sourceTree = "<group>"; };
		734357391DD32F99004789EC /* Info.plist */ = {isa = PBXFileReference; lastKnownFileType = text.plist.xml; path = Info.plist; sourceTree = "<group>"; };
		7343573F1DD32FA4004789EC /* 1.mp4 */ = {isa = PBXFileReference; lastKnownFileType = file; path = 1.mp4; sourceTree = "<group>"; };
/* End PBXFileReference section */

/* Begin PBXFrameworksBuildPhase section */
		734357271DD32F99004789EC /* Frameworks */ = {
			isa = PBXFrameworksBuildPhase;
			buildActionMask = 2147483647;
			files = (
			);
			runOnlyForDeploymentPostprocessing = 0;
		};
/* End PBXFrameworksBuildPhase section */

/* Begin PBXGroup section */
		734357211DD32F99004789EC = {
			isa = PBXGroup;
			children = (
				7343572C1DD32F99004789EC /* Swift-MPMoviePlayerViewController播放视频 */,
				7343572B1DD32F99004789EC /* Products */,
			);
			sourceTree = "<group>";
		};
		7343572B1DD32F99004789EC /* Products */ = {
			isa = PBXGroup;
			children = (
				7343572A1DD32F99004789EC /* Swift-MPMoviePlayerViewController播放视频.app */,
			);
			name = Products;
			sourceTree = "<group>";
		};
		7343572C1DD32F99004789EC /* Swift-MPMoviePlayerViewController播放视频 */ = {
			isa = PBXGroup;
			children = (
				7343572D1DD32F99004789EC /* AppDelegate.swift */,
				7343572F1DD32F99004789EC /* ViewController.swift */,
				734357311DD32F99004789EC /* Main.storyboard */,
				734357341DD32F99004789EC /* Assets.xcassets */,
				7343573F1DD32FA4004789EC /* 1.mp4 */,
				734357361DD32F99004789EC /* LaunchScreen.storyboard */,
				734357391DD32F99004789EC /* Info.plist */,
			);
			path = "Swift-MPMoviePlayerViewController播放视频";
			sourceTree = "<group>";
		};
/* End PBXGroup section */

/* Begin PBXNativeTarget section */
		734357291DD32F99004789EC /* Swift-MPMoviePlayerViewController播放视频 */ = {
			isa = PBXNativeTarget;
			buildConfigurationList = 7343573C1DD32F99004789EC /* Build configuration list for PBXNativeTarget "Swift-MPMoviePlayerViewController播放视频" */;
			buildPhases = (
				734357261DD32F99004789EC /* Sources */,
				734357271DD32F99004789EC /* Frameworks */,
				734357281DD32F99004789EC /* Resources */,
			);
			buildRules = (
			);
			dependencies = (
			);
			name = "Swift-MPMoviePlayerViewController播放视频";
			productName = "Swift-MPMoviePlayerViewController播放视频";
			productReference = 7343572A1DD32F99004789EC /* Swift-MPMoviePlayerViewController播放视频.app */;
			productType = "com.apple.product-type.application";
		};
/* End PBXNativeTarget section */

/* Begin PBXProject section */
		734357221DD32F99004789EC /* Project object */ = {
			isa = PBXProject;
			attributes = {
				LastSwiftUpdateCheck = 0800;
				LastUpgradeCheck = 0800;
				ORGANIZATIONNAME = "蓝田";
				TargetAttributes = {
					734357291DD32F99004789EC = {
						CreatedOnToolsVersion = 8.0;
						ProvisioningStyle = Automatic;
					};
				};
			};
			buildConfigurationList = 734357251DD32F99004789EC /* Build configuration list for PBXProject "Swift-MPMoviePlayerViewController播放视频" */;
			compatibilityVersion = "Xcode 3.2";
			developmentRegion = English;
			hasScannedForEncodings = 0;
			knownRegions = (
				en,
				Base,
			);
			mainGroup = 734357211DD32F99004789EC;
			productRefGroup = 7343572B1DD32F99004789EC /* Products */;
			projectDirPath = "";
			projectRoot = "";
			targets = (
				734357291DD32F99004789EC /* Swift-MPMoviePlayerViewController播放视频 */,
			);
		};
/* End PBXProject section */

/* Begin PBXResourcesBuildPhase section */
		734357281DD32F99004789EC /* Resources */ = {
			isa = PBXResourcesBuildPhase;
			buildActionMask = 2147483647;
			files = (
				734357381DD32F99004789EC /* LaunchScreen.storyboard in Resources */,
				734357401DD32FA4004789EC /* 1.mp4 in Resources */,
				734357351DD32F99004789EC /* Assets.xcassets in Resources */,
				734357331DD32F99004789EC /* Main.storyboard in Resources */,
			);
			runOnlyForDeploymentPostprocessing = 0;
		};
/* End PBXResourcesBuildPhase section */

/* Begin PBXSourcesBuildPhase section */
		734357261DD32F99004789EC /* Sources */ = {
			isa = PBXSourcesBuildPhase;
			buildActionMask = 2147483647;
			files = (
				734357301DD32F99004789EC /* ViewController.swift in Sources */,
				7343572E1DD32F99004789EC /* AppDelegate.swift in Sources */,
			);
			runOnlyForDeploymentPostprocessing = 0;
		};
/* End PBXSourcesBuildPhase section */

/* Begin PBXVariantGroup section */
		734357311DD32F99004789EC /* Main.storyboard */ = {
			isa = PBXVariantGroup;
			children = (
				734357321DD32F99004789EC /* Base */,
			);
			name = Main.storyboard;
			sourceTree = "<group>";
		};
		734357361DD32F99004789EC /* LaunchScreen.storyboard */ = {
			isa = PBXVariantGroup;
			children = (
				734357371DD32F99004789EC /* Base */,
			);
			name = LaunchScreen.storyboard;
			sourceTree = "<group>";
		};
/* End PBXVariantGroup section */

/* Begin XCBuildConfiguration section */
		7343573A1DD32F99004789EC /* Debug */ = {
			isa = XCBuildConfiguration;
			buildSettings = {
				ALWAYS_SEARCH_USER_PATHS = NO;
				CLANG_ANALYZER_NONNULL = YES;
				CLANG_CXX_LANGUAGE_STANDARD = "gnu++0x";
				CLANG_CXX_LIBRARY = "libc++";
				CLANG_ENABLE_MODULES = YES;
				CLANG_ENABLE_OBJC_ARC = YES;
				CLANG_WARN_BOOL_CONVERSION = YES;
				CLANG_WARN_CONSTANT_CONVERSION = YES;
				CLANG_WARN_DIRECT_OBJC_ISA_USAGE = YES_ERROR;
				CLANG_WARN_DOCUMENTATION_COMMENTS = YES;
				CLANG_WARN_EMPTY_BODY = YES;
				CLANG_WARN_ENUM_CONVERSION = YES;
				CLANG_WARN_INFINITE_RECURSION = YES;
				CLANG_WARN_INT_CONVERSION = YES;
				CLANG_WARN_OBJC_ROOT_CLASS = YES_ERROR;
				CLANG_WARN_SUSPICIOUS_MOVES = YES;
				CLANG_WARN_UNREACHABLE_CODE = YES;
				CLANG_WARN__DUPLICATE_METHOD_MATCH = YES;
				"CODE_SIGN_IDENTITY[sdk=iphoneos*]" = "iPhone Developer";
				COPY_PHASE_STRIP = NO;
				DEBUG_INFORMATION_FORMAT = dwarf;
				ENABLE_STRICT_OBJC_MSGSEND = YES;
				ENABLE_TESTABILITY = YES;
				GCC_C_LANGUAGE_STANDARD = gnu99;
				GCC_DYNAMIC_NO_PIC = NO;
				GCC_NO_COMMON_BLOCKS = YES;
				GCC_OPTIMIZATION_LEVEL = 0;
				GCC_PREPROCESSOR_DEFINITIONS = (
					"DEBUG=1",
					"$(inherited)",
				);
				GCC_WARN_64_TO_32_BIT_CONVERSION = YES;
				GCC_WARN_ABOUT_RETURN_TYPE = YES_ERROR;
				GCC_WARN_UNDECLARED_SELECTOR = YES;
				GCC_WARN_UNINITIALIZED_AUTOS = YES_AGGRESSIVE;
				GCC_WARN_UNUSED_FUNCTION = YES;
				GCC_WARN_UNUSED_VARIABLE = YES;
				IPHONEOS_DEPLOYMENT_TARGET = 10.0;
				MTL_ENABLE_DEBUG_INFO = YES;
				ONLY_ACTIVE_ARCH = YES;
				SDKROOT = iphoneos;
				SWIFT_ACTIVE_COMPILATION_CONDITIONS = DEBUG;
				SWIFT_OPTIMIZATION_LEVEL = "-Onone";
				TARGETED_DEVICE_FAMILY = "1,2";
			};
			name = Debug;
		};
		7343573B1DD32F99004789EC /* Release */ = {
			isa = XCBuildConfiguration;
			buildSettings = {
				ALWAYS_SEARCH_USER_PATHS = NO;
				CLANG_ANALYZER_NONNULL = YES;
				CLANG_CXX_LANGUAGE_STANDARD = "gnu++0x";
				CLANG_CXX_LIBRARY = "libc++";
				CLANG_ENABLE_MODULES = YES;
				CLANG_ENABLE_OBJC_ARC = YES;
				CLANG_WARN_BOOL_CONVERSION = YES;
				CLANG_WARN_CONSTANT_CONVERSION = YES;
				CLANG_WARN_DIRECT_OBJC_ISA_USAGE = YES_ERROR;
				CLANG_WARN_DOCUMENTATION_COMMENTS = YES;
				CLANG_WARN_EMPTY_BODY = YES;
				CLANG_WARN_ENUM_CONVERSION = YES;
				CLANG_WARN_INFINITE_RECURSION = YES;
				CLANG_WARN_INT_CONVERSION = YES;
				CLANG_WARN_OBJC_ROOT_CLASS = YES_ERROR;
				CLANG_WARN_SUSPICIOUS_MOVES = YES;
				CLANG_WARN_UNREACHABLE_CODE = YES;
				CLANG_WARN__DUPLICATE_METHOD_MATCH = YES;
				"CODE_SIGN_IDENTITY[sdk=iphoneos*]" = "iPhone Developer";
				COPY_PHASE_STRIP = NO;
				DEBUG_INFORMATION_FORMAT = "dwarf-with-dsym";
				ENABLE_NS_ASSERTIONS = NO;
				ENABLE_STRICT_OBJC_MSGSEND = YES;
				GCC_C_LANGUAGE_STANDARD = gnu99;
				GCC_NO_COMMON_BLOCKS = YES;
				GCC_WARN_64_TO_32_BIT_CONVERSION = YES;
				GCC_WARN_ABOUT_RETURN_TYPE = YES_ERROR;
				GCC_WARN_UNDECLARED_SELECTOR = YES;
				GCC_WARN_UNINITIALIZED_AUTOS = YES_AGGRESSIVE;
				GCC_WARN_UNUSED_FUNCTION = YES;
				GCC_WARN_UNUSED_VARIABLE = YES;
				IPHONEOS_DEPLOYMENT_TARGET = 10.0;
				MTL_ENABLE_DEBUG_INFO = NO;
				SDKROOT = iphoneos;
				SWIFT_OPTIMIZATION_LEVEL = "-Owholemodule";
				TARGETED_DEVICE_FAMILY = "1,2";
				VALIDATE_PRODUCT = YES;
			};
			name = Release;
		};
		7343573D1DD32F99004789EC /* Debug */ = {
			isa = XCBuildConfiguration;
			buildSettings = {
				ASSETCATALOG_COMPILER_APPICON_NAME = AppIcon;
				INFOPLIST_FILE = "Swift-MPMoviePlayerViewController播放视频/Info.plist";
				LD_RUNPATH_SEARCH_PATHS = "$(inherited) @executable_path/Frameworks";
				PRODUCT_BUNDLE_IDENTIFIER = "Loto.com.Swift-MPMoviePlayerViewController----";
				PRODUCT_NAME = "$(TARGET_NAME)";
				SWIFT_VERSION = 3.0;
			};
			name = Debug;
		};
		7343573E1DD32F99004789EC /* Release */ = {
			isa = XCBuildConfiguration;
			buildSettings = {
				ASSETCATALOG_COMPILER_APPICON_NAME = AppIcon;
				INFOPLIST_FILE = "Swift-MPMoviePlayerViewController播放视频/Info.plist";
				LD_RUNPATH_SEARCH_PATHS = "$(inherited) @executable_path/Frameworks";
				PRODUCT_BUNDLE_IDENTIFIER = "Loto.com.Swift-MPMoviePlayerViewController----";
				PRODUCT_NAME = "$(TARGET_NAME)";
				SWIFT_VERSION = 3.0;
			};
			name = Release;
		};
/* End XCBuildConfiguration section */

/* Begin XCConfigurationList section */
		734357251DD32F99004789EC /* Build configuration list for PBXProject "Swift-MPMoviePlayerViewController播放视频" */ = {
			isa = XCConfigurationList;
			buildConfigurations = (
				7343573A1DD32F99004789EC /* Debug */,
				7343573B1DD32F99004789EC /* Release */,
			);
			defaultConfigurationIsVisible = 0;
			defaultConfigurationName = Release;
		};
		7343573C1DD32F99004789EC /* Build configuration list for PBXNativeTarget "Swift-MPMoviePlayerViewController播放视频" */ = {
			isa = XCConfigurationList;
			buildConfigurations = (
				7343573D1DD32F99004789EC /* Debug */,
				7343573E1DD32F99004789EC /* Release */,
			);
			defaultConfigurationIsVisible = 0;
		};
/* End XCConfigurationList section */
	};
	rootObject = 734357221DD32F99004789EC /* Project object */;
}
